
Microsoft Visual Studio Solution File, Format Version 12.00
# Visual Studio Version 17
VisualStudioVersion = 17.5.33424.131
MinimumVisualStudioVersion = 10.0.40219.1
Project("{FAE04EC0-301F-11D3-BF4B-00C04F79EFBC}") = "Shafiee", "Shafiee\Shafiee.csproj", "{C6A42B14-2745-482F-9D47-3348A9BDD27B}"
EndProject
Global
	GlobalSection(SolutionConfigurationPlatforms) = preSolution
		Debug|Any CPU = Debug|Any CPU
		Release|Any CPU = Release|Any CPU
	EndGlobalSection
	GlobalSection(ProjectConfigurationPlatforms) = postSolution
		{C6A42B14-2745-482F-9D47-3348A9BDD27B}.Debug|Any CPU.ActiveCfg = Debug|Any CPU
		{C6A42B14-2745-482F-9D47-3348A9BDD27B}.Debug|Any CPU.Build.0 = Debug|Any CPU
		{C6A42B14-2745-482F-9D47-3348A9BDD27B}.Release|Any CPU.ActiveCfg = Release|Any CPU
		{C6A42B14-2745-482F-9D47-3348A9BDD27B}.Release|Any CPU.Build.0 = Release|Any CPU
	EndGlobalSection
	GlobalSection(SolutionProperties) = preSolution
		HideSolutionNode = FALSE
	EndGlobalSection
	GlobalSection(ExtensibilityGlobals) = postSolution
		SolutionGuid = {60F8C506-2B59-44AB-884E-AE81C1989AD2}
	EndGlobalSection
EndGlobal
